
Microsoft Visual Studio Solution File, Format Version 12.00
# Visual Studio Version 17
VisualStudioVersion = 17.14.36327.8 d17.14
MinimumVisualStudioVersion = 10.0.40219.1
Project("{FAE04EC0-301F-11D3-BF4B-00C04F79EFBC}") = "Exercise", "..\Exercise - 1\Exercise.csproj", "{829E59F4-97C8-2628-19E5-5FFE919B7FAF}"
EndProject
Global
	GlobalSection(SolutionConfigurationPlatforms) = preSolution
		Debug|Any CPU = Debug|Any CPU
		Release|Any CPU = Release|Any CPU
	EndGlobalSection
	GlobalSection(ProjectConfigurationPlatforms) = postSolution
		{829E59F4-97C8-2628-19E5-5FFE919B7FAF}.Debug|Any CPU.ActiveCfg = Debug|Any CPU
		{829E59F4-97C8-2628-19E5-5FFE919B7FAF}.Debug|Any CPU.Build.0 = Debug|Any CPU
		{829E59F4-97C8-2628-19E5-5FFE919B7FAF}.Release|Any CPU.ActiveCfg = Release|Any CPU
		{829E59F4-97C8-2628-19E5-5FFE919B7FAF}.Release|Any CPU.Build.0 = Release|Any CPU
	EndGlobalSection
	GlobalSection(SolutionProperties) = preSolution
		HideSolutionNode = FALSE
	EndGlobalSection
	GlobalSection(ExtensibilityGlobals) = postSolution
		SolutionGuid = {4FFBCCAB-4A5C-4254-81BF-3692935E26B7}
	EndGlobalSection
EndGlobal
