
Microsoft Visual Studio Solution File, Format Version 12.00
# Visual Studio Version 17
VisualStudioVersion = 17.14.36327.8 d17.14
MinimumVisualStudioVersion = 10.0.40219.1
Project("{FAE04EC0-301F-11D3-BF4B-00C04F79EFBC}") = "Exercise 4", "Exercise 4\Exercise 4.csproj", "{EF38EA7B-9794-4A65-9057-F1FE3A704561}"
EndProject
Global
	GlobalSection(SolutionConfigurationPlatforms) = preSolution
		Debug|Any CPU = Debug|Any CPU
		Release|Any CPU = Release|Any CPU
	EndGlobalSection
	GlobalSection(ProjectConfigurationPlatforms) = postSolution
		{EF38EA7B-9794-4A65-9057-F1FE3A704561}.Debug|Any CPU.ActiveCfg = Debug|Any CPU
		{EF38EA7B-9794-4A65-9057-F1FE3A704561}.Debug|Any CPU.Build.0 = Debug|Any CPU
		{EF38EA7B-9794-4A65-9057-F1FE3A704561}.Release|Any CPU.ActiveCfg = Release|Any CPU
		{EF38EA7B-9794-4A65-9057-F1FE3A704561}.Release|Any CPU.Build.0 = Release|Any CPU
	EndGlobalSection
	GlobalSection(SolutionProperties) = preSolution
		HideSolutionNode = FALSE
	EndGlobalSection
	GlobalSection(ExtensibilityGlobals) = postSolution
		SolutionGuid = {0427FDE9-E828-47FF-A904-874C14B8B845}
	EndGlobalSection
EndGlobal
