
Microsoft Visual Studio Solution File, Format Version 12.00
# Visual Studio Version 17
VisualStudioVersion = 17.14.36327.8 d17.14
MinimumVisualStudioVersion = 10.0.40219.1
Project("{FAE04EC0-301F-11D3-BF4B-00C04F79EFBC}") = "Exercise 5", "Exercise 5\Exercise 5.csproj", "{A0173276-7075-4C00-B5B4-CF8036135C43}"
EndProject
Global
	GlobalSection(SolutionConfigurationPlatforms) = preSolution
		Debug|Any CPU = Debug|Any CPU
		Release|Any CPU = Release|Any CPU
	EndGlobalSection
	GlobalSection(ProjectConfigurationPlatforms) = postSolution
		{A0173276-7075-4C00-B5B4-CF8036135C43}.Debug|Any CPU.ActiveCfg = Debug|Any CPU
		{A0173276-7075-4C00-B5B4-CF8036135C43}.Debug|Any CPU.Build.0 = Debug|Any CPU
		{A0173276-7075-4C00-B5B4-CF8036135C43}.Release|Any CPU.ActiveCfg = Release|Any CPU
		{A0173276-7075-4C00-B5B4-CF8036135C43}.Release|Any CPU.Build.0 = Release|Any CPU
	EndGlobalSection
	GlobalSection(SolutionProperties) = preSolution
		HideSolutionNode = FALSE
	EndGlobalSection
	GlobalSection(ExtensibilityGlobals) = postSolution
		SolutionGuid = {B18C52B2-5C32-4A67-80EA-25DF97B541F8}
	EndGlobalSection
EndGlobal
